# THIS IS AN AUTOGENERATED FILE. DO NOT EDIT THIS FILE DIRECTLY.
# yarn lockfile v1


ansi-regex@^5.0.1:
  version "5.0.1"
  resolved "https://registry.yarnpkg.com/ansi-regex/-/ansi-regex-5.0.1.tgz#082cb2c89c9fe8659a311a53bd6a4dc5301db304"
  integrity sha512-quJQXlTSUGL2LH9SUXo8VwsY4soanhgo6LNSm84E1LBcE8s3O0wpdiRzyR9z/ZZJMlMWv37qOOb9pdJlMUEKFQ==

"aproba@^1.0.3 || ^2.0.0":
  version "2.0.0"
  resolved "https://registry.yarnpkg.com/aproba/-/aproba-2.0.0.tgz#52520b8ae5b569215b354efc0caa3fe1e45a8adc"
  integrity sha512-lYe4Gx7QT+MKGbDsA+Z+he/Wtef0BiwDOlK/XkBrdfsh9J/jPPXbX0tE9x9cl27Tmu5gg3QUbUrQYa/y+KOHPQ==

are-we-there-yet@^4.0.0:
  version "4.0.2"
  resolved "https://registry.yarnpkg.com/are-we-there-yet/-/are-we-there-yet-4.0.2.tgz#aed25dd0eae514660d49ac2b2366b175c614785a"
  integrity sha512-ncSWAawFhKMJDTdoAeOV+jyW1VCMj5QIAwULIBV0SSR7B/RLPPEQiknKcg/RIIZlUQrxELpsxMiTUoAQ4sIUyg==

cli-spinner@^0.2.10:
  version "0.2.10"
  resolved "https://registry.yarnpkg.com/cli-spinner/-/cli-spinner-0.2.10.tgz#f7d617a36f5c47a7bc6353c697fc9338ff782a47"
  integrity sha512-U0sSQ+JJvSLi1pAYuJykwiA8Dsr15uHEy85iCJ6A+0DjVxivr3d+N2Wjvodeg89uP5K6TswFkKBfAD7B3YSn/Q==

color-support@^1.1.3:
  version "1.1.3"
  resolved "https://registry.yarnpkg.com/color-support/-/color-support-1.1.3.tgz#93834379a1cc9a0c61f82f52f0d04322251bd5a2"
  integrity sha512-qiBjkpbMLO/HL68y+lh4q0/O1MZFj2RX6X/KmMa3+gJD3z+WwI1ZzDHysvqHGS3mP6mznPckpXmw1nI9cJjyRg==

commander@^12.1.0:
  version "12.1.0"
  resolved "https://registry.yarnpkg.com/commander/-/commander-12.1.0.tgz#01423b36f501259fdaac4d0e4d60c96c991585d3"
  integrity sha512-Vw8qHK3bZM9y/P10u3Vib8o/DdkvA2OtPtZvD871QKjy74Wj1WSKFILMPRPSdUSx5RFK1arlJzEtA4PkFgnbuA==

console-control-strings@^1.1.0:
  version "1.1.0"
  resolved "https://registry.yarnpkg.com/console-control-strings/-/console-control-strings-1.1.0.tgz#3d7cf4464db6446ea644bf4b39507f9851008e8e"
  integrity sha512-ty/fTekppD2fIwRvnZAVdeOiGd1c7YXEixbgJTNzqcxJWKQnjJ/V1bNEEE6hygpM3WjwHFUVK6HTjWSzV4a8sQ==

emoji-regex@^8.0.0:
  version "8.0.0"
  resolved "https://registry.yarnpkg.com/emoji-regex/-/emoji-regex-8.0.0.tgz#e818fd69ce5ccfcb404594f842963bf53164cc37"
  integrity sha512-MSjYzcWNOA0ewAHpz0MxpYFvwg6yjy1NG3xteoqz644VCo/RPgnr1/GGt+ic3iJTzQ8Eu3TdM14SawnVUmGE6A==

gauge@^5.0.0:
  version "5.0.2"
  resolved "https://registry.yarnpkg.com/gauge/-/gauge-5.0.2.tgz#7ab44c11181da9766333f10db8cd1e4b17fd6c46"
  integrity sha512-pMaFftXPtiGIHCJHdcUUx9Rby/rFT/Kkt3fIIGCs+9PMDIljSyRiqraTlxNtBReJRDfUefpa263RQ3vnp5G/LQ==
  dependencies:
    aproba "^1.0.3 || ^2.0.0"
    color-support "^1.1.3"
    console-control-strings "^1.1.0"
    has-unicode "^2.0.1"
    signal-exit "^4.0.1"
    string-width "^4.2.3"
    strip-ansi "^6.0.1"
    wide-align "^1.1.5"

has-unicode@^2.0.1:
  version "2.0.1"
  resolved "https://registry.yarnpkg.com/has-unicode/-/has-unicode-2.0.1.tgz#e0e6fe6a28cf51138855e086d1691e771de2a8b9"
  integrity sha512-8Rf9Y83NBReMnx0gFzA8JImQACstCYWUplepDa9xprwwtmgEZUF0h/i5xSA625zB/I37EtrswSST6OXxwaaIJQ==

is-fullwidth-code-point@^3.0.0:
  version "3.0.0"
  resolved "https://registry.yarnpkg.com/is-fullwidth-code-point/-/is-fullwidth-code-point-3.0.0.tgz#f116f8064fe90b3f7844a38997c0b75051269f1d"
  integrity sha512-zymm5+u+sCsSWyD9qNaejV3DFvhCKclKdizYaJUuHA83RLjb7nSuGnddCHGv0hk+KY7BMAlsWeK4Ueg6EV6XQg==

npmlog@^7.0.1:
  version "7.0.1"
  resolved "https://registry.yarnpkg.com/npmlog/-/npmlog-7.0.1.tgz#7372151a01ccb095c47d8bf1d0771a4ff1f53ac8"
  integrity sha512-uJ0YFk/mCQpLBt+bxN88AKd+gyqZvZDbtiNxk6Waqcj2aPRyfVx8ITawkyQynxUagInjdYT1+qj4NfA5KJJUxg==
  dependencies:
    are-we-there-yet "^4.0.0"
    console-control-strings "^1.1.0"
    gauge "^5.0.0"
    set-blocking "^2.0.0"

set-blocking@^2.0.0:
  version "2.0.0"
  resolved "https://registry.yarnpkg.com/set-blocking/-/set-blocking-2.0.0.tgz#045f9782d011ae9a6803ddd382b24392b3d890f7"
  integrity sha512-KiKBS8AnWGEyLzofFfmvKwpdPzqiy16LvQfK3yv/fVH7Bj13/wl3JSR1J+rfgRE9q7xUJK4qvgS8raSOeLUehw==

signal-exit@^4.0.1:
  version "4.1.0"
  resolved "https://registry.yarnpkg.com/signal-exit/-/signal-exit-4.1.0.tgz#952188c1cbd546070e2dd20d0f41c0ae0530cb04"
  integrity sha512-bzyZ1e88w9O1iNJbKnOlvYTrWPDl46O1bG0D3XInv+9tkPrxrN8jUUTiFlDkkmKWgn1M6CfIA13SuGqOa9Korw==

"string-width@^1.0.2 || 2 || 3 || 4", string-width@^4.2.3:
  version "4.2.3"
  resolved "https://registry.yarnpkg.com/string-width/-/string-width-4.2.3.tgz#269c7117d27b05ad2e536830a8ec895ef9c6d010"
  integrity sha512-wKyQRQpjJ0sIp62ErSZdGsjMJWsap5oRNihHhu6G7JVO/9jIB6UyevL+tXuOqrng8j/cxKTWyWUwvSTriiZz/g==
  dependencies:
    emoji-regex "^8.0.0"
    is-fullwidth-code-point "^3.0.0"
    strip-ansi "^6.0.1"

strip-ansi@^6.0.1:
  version "6.0.1"
  resolved "https://registry.yarnpkg.com/strip-ansi/-/strip-ansi-6.0.1.tgz#9e26c63d30f53443e9489495b2105d37b67a85d9"
  integrity sha512-Y38VPSHcqkFrCpFnQ9vuSXmquuv5oXOKpGeT6aGrr3o3Gc9AlVa6JBfUSOCnbxGGZF+/0ooI7KrPuUSztUdU5A==
  dependencies:
    ansi-regex "^5.0.1"

wcrane-tool@^1.0.13:
  version "1.0.34"
  resolved "https://registry.yarnpkg.com/wcrane-tool/-/wcrane-tool-1.0.34.tgz#28e57d8ae3f951da32c46482943a9411163e0bf3"
  integrity sha512-gGYloZL3giwdYsqAtEX4WJi4PD1B8VUM3FTw2V0P75sc9rv4LSDbcHjSkyhjCnlxuzqk7c4fpcULdmFLrvPDiA==
  dependencies:
    cli-spinner "^0.2.10"
    commander "^12.1.0"
    npmlog "^7.0.1"
    wcrane-tool "^1.0.13"

wcrane-tool@^1.0.35:
  version "1.0.35"
  resolved "https://registry.yarnpkg.com/wcrane-tool/-/wcrane-tool-1.0.35.tgz#3b60604bb67be6f8b7f1de0b0ed55b99d4fc05f8"
  integrity sha512-DwmPhQgvQIUa2chWk7D9esMYPiMIP1C7Mveb93qJbujFvsvYGvB4LRo+UChLyz8cNAxgC0DsuwsPdRtP5lV9Aw==
  dependencies:
    cli-spinner "^0.2.10"
    commander "^12.1.0"
    npmlog "^7.0.1"
    wcrane-tool "^1.0.13"

wide-align@^1.1.5:
  version "1.1.5"
  resolved "https://registry.yarnpkg.com/wide-align/-/wide-align-1.1.5.tgz#df1d4c206854369ecf3c9a4898f1b23fbd9d15d3"
  integrity sha512-eDMORYaPNZ4sQIuuYPDHdQvf4gyCF9rEEV/yPxGfwPkRodwEgiMUUXTx/dex+Me0wxx53S+NgUHaP7y3MGlDmg==
  dependencies:
    string-width "^1.0.2 || 2 || 3 || 4"
