{
  "name": "tinypng-lib",
  "version": "1.0.0",
  "lockfileVersion": 3,
  "requires": true,
  "packages": {
    "": {
      "name": "tinypng-lib",
      "version": "1.0.0",
      "license": "ISC",
      "dependencies": {
        "tinypng-lib-wasm": "^1.0.0"
      }
    },
    "node_modules/tinypng-lib-wasm": {
      "version": "1.0.0",
      "resolved": "https://registry.npmmirror.com/tinypng-lib-wasm/-/tinypng-lib-wasm-1.0.0.tgz",
      "integrity": "sha512-2U3ux5JYPuiyWB03j3+ok816Dq+tG6QejX7AnfXDEEGZnxHSmL8wErc7LkO2ikS+lGOaOLFUyLA9kJVPejLBnA=="
    }
  }
}
